// !$*UTF8*$!
{
	archiveVersion = 1;
	classes = {
	};
	objectVersion = 46;
	objects = {

/* Begin PBXBuildFile section */
		BF317DE91992119000E3240E /* Foundation.framework in Frameworks */ = {isa = PBXBuildFile; fileRef = BF317DE81992119000E3240E /* Foundation.framework */; };
		BF317DEB1992119000E3240E /* CoreGraphics.framework in Frameworks */ = {isa = PBXBuildFile; fileRef = BF317DEA1992119000E3240E /* CoreGraphics.framework */; };
		BF317DED1992119000E3240E /* UIKit.framework in Frameworks */ = {isa = PBXBuildFile; fileRef = BF317DEC1992119000E3240E /* UIKit.framework */; };
		BF317DF31992119000E3240E /* InfoPlist.strings in Resources */ = {isa = PBXBuildFile; fileRef = BF317DF11992119000E3240E /* InfoPlist.strings */; };
		BF317DF51992119000E3240E /* main.m in Sources */ = {isa = PBXBuildFile; fileRef = BF317DF41992119000E3240E /* main.m */; };
		BF317DF91992119000E3240E /* AppDelegate.m in Sources */ = {isa = PBXBuildFile; fileRef = BF317DF81992119000E3240E /* AppDelegate.m */; };
		BF317DFB1992119000E3240E /* Images.xcassets in Resources */ = {isa = PBXBuildFile; fileRef = BF317DFA1992119000E3240E /* Images.xcassets */; };
		BF317E021992119100E3240E /* XCTest.framework in Frameworks */ = {isa = PBXBuildFile; fileRef = BF317E011992119100E3240E /* XCTest.framework */; };
		BF317E031992119100E3240E /* Foundation.framework in Frameworks */ = {isa = PBXBuildFile; fileRef = BF317DE81992119000E3240E /* Foundation.framework */; };
		BF317E041992119100E3240E /* UIKit.framework in Frameworks */ = {isa = PBXBuildFile; fileRef = BF317DEC1992119000E3240E /* UIKit.framework */; };
		BF317E0C1992119100E3240E /* InfoPlist.strings in Resources */ = {isa = PBXBuildFile; fileRef = BF317E0A1992119100E3240E /* InfoPlist.strings */; };
		BF317E0E1992119100E3240E /* TableviewFlipTests.m in Sources */ = {isa = PBXBuildFile; fileRef = BF317E0D1992119100E3240E /* TableviewFlipTests.m */; };
		BF317E1A199211C300E3240E /* ViewController.m in Sources */ = {isa = PBXBuildFile; fileRef = BF317E18199211C300E3240E /* ViewController.m */; };
		BF317E1B199211C300E3240E /* ViewController.xib in Resources */ = {isa = PBXBuildFile; fileRef = BF317E19199211C300E3240E /* ViewController.xib */; };
		BF317E1D199214C100E3240E /* QuartzCore.framework in Frameworks */ = {isa = PBXBuildFile; fileRef = BF317E1C199214C100E3240E /* QuartzCore.framework */; };
		BFFC31C2199365F50066E95C /* 1.png in Resources */ = {isa = PBXBuildFile; fileRef = BFFC31C1199365F50066E95C /* 1.png */; };
		BFFC31C4199366050066E95C /* 0.png in Resources */ = {isa = PBXBuildFile; fileRef = BFFC31C3199366050066E95C /* 0.png */; };
		BFFC31C919936B6A0066E95C /* 0.jpg in Resources */ = {isa = PBXBuildFile; fileRef = BFFC31C519936B6A0066E95C /* 0.jpg */; };
		BFFC31CA19936B6A0066E95C /* 3.jpg in Resources */ = {isa = PBXBuildFile; fileRef = BFFC31C619936B6A0066E95C /* 3.jpg */; };
		BFFC31CB19936B6A0066E95C /* 1.jpg in Resources */ = {isa = PBXBuildFile; fileRef = BFFC31C719936B6A0066E95C /* 1.jpg */; };
		BFFC31CC19936B6A0066E95C /* 4.jpg in Resources */ = {isa = PBXBuildFile; fileRef = BFFC31C819936B6A0066E95C /* 4.jpg */; };
/* End PBXBuildFile section */

/* Begin PBXContainerItemProxy section */
		BF317E051992119100E3240E /* PBXContainerItemProxy */ = {
			isa = PBXContainerItemProxy;
			containerPortal = BF317DDD1992118F00E3240E /* Project object */;
			proxyType = 1;
			remoteGlobalIDString = BF317DE41992119000E3240E;
			remoteInfo = TableviewFlip;
		};
/* End PBXContainerItemProxy section */

/* Begin PBXFileReference section */
		BF317DE51992119000E3240E /* TableviewFlip.app */ = {isa = PBXFileReference; explicitFileType = wrapper.application; includeInIndex = 0; path = TableviewFlip.app; sourceTree = BUILT_PRODUCTS_DIR; };
		BF317DE81992119000E3240E /* Foundation.framework */ = {isa = PBXFileReference; lastKnownFileType = wrapper.framework; name = Foundation.framework; path = System/Library/Frameworks/Foundation.framework; sourceTree = SDKROOT; };
		BF317DEA1992119000E3240E /* CoreGraphics.framework */ = {isa = PBXFileReference; lastKnownFileType = wrapper.framework; name = CoreGraphics.framework; path = System/Library/Frameworks/CoreGraphics.framework; sourceTree = SDKROOT; };
		BF317DEC1992119000E3240E /* UIKit.framework */ = {isa = PBXFileReference; lastKnownFileType = wrapper.framework; name = UIKit.framework; path = System/Library/Frameworks/UIKit.framework; sourceTree = SDKROOT; };
		BF317DF01992119000E3240E /* TableviewFlip-Info.plist */ = {isa = PBXFileReference; lastKnownFileType = text.plist.xml; path = "TableviewFlip-Info.plist"; sourceTree = "<group>"; };
		BF317DF21992119000E3240E /* en */ = {isa = PBXFileReference; lastKnownFileType = text.plist.strings; name = en; path = en.lproj/InfoPlist.strings; sourceTree = "<group>"; };
		BF317DF41992119000E3240E /* main.m */ = {isa = PBXFileReference; lastKnownFileType = sourcecode.c.objc; path = main.m; sourceTree = "<group>"; };
		BF317DF61992119000E3240E /* TableviewFlip-Prefix.pch */ = {isa = PBXFileReference; lastKnownFileType = sourcecode.c.h; path = "TableviewFlip-Prefix.pch"; sourceTree = "<group>"; };
		BF317DF71992119000E3240E /* AppDelegate.h */ = {isa = PBXFileReference; lastKnownFileType = sourcecode.c.h; path = AppDelegate.h; sourceTree = "<group>"; };
		BF317DF81992119000E3240E /* AppDelegate.m */ = {isa = PBXFileReference; lastKnownFileType = sourcecode.c.objc; path = AppDelegate.m; sourceTree = "<group>"; };
		BF317DFA1992119000E3240E /* Images.xcassets */ = {isa = PBXFileReference; lastKnownFileType = folder.assetcatalog; path = Images.xcassets; sourceTree = "<group>"; };
		BF317E001992119100E3240E /* TableviewFlipTests.xctest */ = {isa = PBXFileReference; explicitFileType = wrapper.cfbundle; includeInIndex = 0; path = TableviewFlipTests.xctest; sourceTree = BUILT_PRODUCTS_DIR; };
		BF317E011992119100E3240E /* XCTest.framework */ = {isa = PBXFileReference; lastKnownFileType = wrapper.framework; name = XCTest.framework; path = Library/Frameworks/XCTest.framework; sourceTree = DEVELOPER_DIR; };
		BF317E091992119100E3240E /* TableviewFlipTests-Info.plist */ = {isa = PBXFileReference; lastKnownFileType = text.plist.xml; path = "TableviewFlipTests-Info.plist"; sourceTree = "<group>"; };
		BF317E0B1992119100E3240E /* en */ = {isa = PBXFileReference; lastKnownFileType = text.plist.strings; name = en; path = en.lproj/InfoPlist.strings; sourceTree = "<group>"; };
		BF317E0D1992119100E3240E /* TableviewFlipTests.m */ = {isa = PBXFileReference; lastKnownFileType = sourcecode.c.objc; path = TableviewFlipTests.m; sourceTree = "<group>"; };
		BF317E17199211C200E3240E /* ViewController.h */ = {isa = PBXFileReference; fileEncoding = 4; lastKnownFileType = sourcecode.c.h; path = ViewController.h; sourceTree = "<group>"; };
		BF317E18199211C300E3240E /* ViewController.m */ = {isa = PBXFileReference; fileEncoding = 4; lastKnownFileType = sourcecode.c.objc; path = ViewController.m; sourceTree = "<group>"; };
		BF317E19199211C300E3240E /* ViewController.xib */ = {isa = PBXFileReference; fileEncoding = 4; lastKnownFileType = file.xib; path = ViewController.xib; sourceTree = "<group>"; };
		BF317E1C199214C100E3240E /* QuartzCore.framework */ = {isa = PBXFileReference; lastKnownFileType = wrapper.framework; name = QuartzCore.framework; path = System/Library/Frameworks/QuartzCore.framework; sourceTree = SDKROOT; };
		BFFC31C1199365F50066E95C /* 1.png */ = {isa = PBXFileReference; lastKnownFileType = image.png; path = 1.png; sourceTree = "<group>"; };
		BFFC31C3199366050066E95C /* 0.png */ = {isa = PBXFileReference; lastKnownFileType = image.png; path = 0.png; sourceTree = "<group>"; };
		BFFC31C519936B6A0066E95C /* 0.jpg */ = {isa = PBXFileReference; lastKnownFileType = image.jpeg; path = 0.jpg; sourceTree = "<group>"; };
		BFFC31C619936B6A0066E95C /* 3.jpg */ = {isa = PBXFileReference; lastKnownFileType = image.jpeg; path = 3.jpg; sourceTree = "<group>"; };
		BFFC31C719936B6A0066E95C /* 1.jpg */ = {isa = PBXFileReference; lastKnownFileType = image.jpeg; path = 1.jpg; sourceTree = "<group>"; };
		BFFC31C819936B6A0066E95C /* 4.jpg */ = {isa = PBXFileReference; lastKnownFileType = image.jpeg; path = 4.jpg; sourceTree = "<group>"; };
/* End PBXFileReference section */

/* Begin PBXFrameworksBuildPhase section */
		BF317DE21992119000E3240E /* Frameworks */ = {
			isa = PBXFrameworksBuildPhase;
			buildActionMask = 2147483647;
			files = (
				BF317E1D199214C100E3240E /* QuartzCore.framework in Frameworks */,
				BF317DEB1992119000E3240E /* CoreGraphics.framework in Frameworks */,
				BF317DED1992119000E3240E /* UIKit.framework in Frameworks */,
				BF317DE91992119000E3240E /* Foundation.framework in Frameworks */,
			);
			runOnlyForDeploymentPostprocessing = 0;
		};
		BF317DFD1992119100E3240E /* Frameworks */ = {
			isa = PBXFrameworksBuildPhase;
			buildActionMask = 2147483647;
			files = (
				BF317E021992119100E3240E /* XCTest.framework in Frameworks */,
				BF317E041992119100E3240E /* UIKit.framework in Frameworks */,
				BF317E031992119100E3240E /* Foundation.framework in Frameworks */,
			);
			runOnlyForDeploymentPostprocessing = 0;
		};
/* End PBXFrameworksBuildPhase section */

/* Begin PBXGroup section */
		BF317DDC1992118F00E3240E = {
			isa = PBXGroup;
			children = (
				BFFC31C519936B6A0066E95C /* 0.jpg */,
				BFFC31C619936B6A0066E95C /* 3.jpg */,
				BFFC31C719936B6A0066E95C /* 1.jpg */,
				BFFC31C819936B6A0066E95C /* 4.jpg */,
				BFFC31C3199366050066E95C /* 0.png */,
				BFFC31C1199365F50066E95C /* 1.png */,
				BF317E17199211C200E3240E /* ViewController.h */,
				BF317E18199211C300E3240E /* ViewController.m */,
				BF317E19199211C300E3240E /* ViewController.xib */,
				BF317DEE1992119000E3240E /* TableviewFlip */,
				BF317E071992119100E3240E /* TableviewFlipTests */,
				BF317DE71992119000E3240E /* Frameworks */,
				BF317DE61992119000E3240E /* Products */,
			);
			sourceTree = "<group>";
		};
		BF317DE61992119000E3240E /* Products */ = {
			isa = PBXGroup;
			children = (
				BF317DE51992119000E3240E /* TableviewFlip.app */,
				BF317E001992119100E3240E /* TableviewFlipTests.xctest */,
			);
			name = Products;
			sourceTree = "<group>";
		};
		BF317DE71992119000E3240E /* Frameworks */ = {
			isa = PBXGroup;
			children = (
				BF317E1C199214C100E3240E /* QuartzCore.framework */,
				BF317DE81992119000E3240E /* Foundation.framework */,
				BF317DEA1992119000E3240E /* CoreGraphics.framework */,
				BF317DEC1992119000E3240E /* UIKit.framework */,
				BF317E011992119100E3240E /* XCTest.framework */,
			);
			name = Frameworks;
			sourceTree = "<group>";
		};
		BF317DEE1992119000E3240E /* TableviewFlip */ = {
			isa = PBXGroup;
			children = (
				BF317DF71992119000E3240E /* AppDelegate.h */,
				BF317DF81992119000E3240E /* AppDelegate.m */,
				BF317DFA1992119000E3240E /* Images.xcassets */,
				BF317DEF1992119000E3240E /* Supporting Files */,
			);
			path = TableviewFlip;
			sourceTree = "<group>";
		};
		BF317DEF1992119000E3240E /* Supporting Files */ = {
			isa = PBXGroup;
			children = (
				BF317DF01992119000E3240E /* TableviewFlip-Info.plist */,
				BF317DF11992119000E3240E /* InfoPlist.strings */,
				BF317DF41992119000E3240E /* main.m */,
				BF317DF61992119000E3240E /* TableviewFlip-Prefix.pch */,
			);
			name = "Supporting Files";
			sourceTree = "<group>";
		};
		BF317E071992119100E3240E /* TableviewFlipTests */ = {
			isa = PBXGroup;
			children = (
				BF317E0D1992119100E3240E /* TableviewFlipTests.m */,
				BF317E081992119100E3240E /* Supporting Files */,
			);
			path = TableviewFlipTests;
			sourceTree = "<group>";
		};
		BF317E081992119100E3240E /* Supporting Files */ = {
			isa = PBXGroup;
			children = (
				BF317E091992119100E3240E /* TableviewFlipTests-Info.plist */,
				BF317E0A1992119100E3240E /* InfoPlist.strings */,
			);
			name = "Supporting Files";
			sourceTree = "<group>";
		};
/* End PBXGroup section */

/* Begin PBXNativeTarget section */
		BF317DE41992119000E3240E /* TableviewFlip */ = {
			isa = PBXNativeTarget;
			buildConfigurationList = BF317E111992119100E3240E /* Build configuration list for PBXNativeTarget "TableviewFlip" */;
			buildPhases = (
				BF317DE11992119000E3240E /* Sources */,
				BF317DE21992119000E3240E /* Frameworks */,
				BF317DE31992119000E3240E /* Resources */,
			);
			buildRules = (
			);
			dependencies = (
			);
			name = TableviewFlip;
			productName = TableviewFlip;
			productReference = BF317DE51992119000E3240E /* TableviewFlip.app */;
			productType = "com.apple.product-type.application";
		};
		BF317DFF1992119100E3240E /* TableviewFlipTests */ = {
			isa = PBXNativeTarget;
			buildConfigurationList = BF317E141992119100E3240E /* Build configuration list for PBXNativeTarget "TableviewFlipTests" */;
			buildPhases = (
				BF317DFC1992119100E3240E /* Sources */,
				BF317DFD1992119100E3240E /* Frameworks */,
				BF317DFE1992119100E3240E /* Resources */,
			);
			buildRules = (
			);
			dependencies = (
				BF317E061992119100E3240E /* PBXTargetDependency */,
			);
			name = TableviewFlipTests;
			productName = TableviewFlipTests;
			productReference = BF317E001992119100E3240E /* TableviewFlipTests.xctest */;
			productType = "com.apple.product-type.bundle.unit-test";
		};
/* End PBXNativeTarget section */

/* Begin PBXProject section */
		BF317DDD1992118F00E3240E /* Project object */ = {
			isa = PBXProject;
			attributes = {
				LastUpgradeCheck = 0510;
				ORGANIZATIONNAME = "Varshyl Mobile Pvt. Ltd.";
				TargetAttributes = {
					BF317DFF1992119100E3240E = {
						TestTargetID = BF317DE41992119000E3240E;
					};
				};
			};
			buildConfigurationList = BF317DE01992119000E3240E /* Build configuration list for PBXProject "TableviewFlip" */;
			compatibilityVersion = "Xcode 3.2";
			developmentRegion = English;
			hasScannedForEncodings = 0;
			knownRegions = (
				en,
			);
			mainGroup = BF317DDC1992118F00E3240E;
			productRefGroup = BF317DE61992119000E3240E /* Products */;
			projectDirPath = "";
			projectRoot = "";
			targets = (
				BF317DE41992119000E3240E /* TableviewFlip */,
				BF317DFF1992119100E3240E /* TableviewFlipTests */,
			);
		};
/* End PBXProject section */

/* Begin PBXResourcesBuildPhase section */
		BF317DE31992119000E3240E /* Resources */ = {
			isa = PBXResourcesBuildPhase;
			buildActionMask = 2147483647;
			files = (
				BFFC31C919936B6A0066E95C /* 0.jpg in Resources */,
				BF317DF31992119000E3240E /* InfoPlist.strings in Resources */,
				BFFC31C2199365F50066E95C /* 1.png in Resources */,
				BFFC31C4199366050066E95C /* 0.png in Resources */,
				BF317E1B199211C300E3240E /* ViewController.xib in Resources */,
				BFFC31CB19936B6A0066E95C /* 1.jpg in Resources */,
				BFFC31CC19936B6A0066E95C /* 4.jpg in Resources */,
				BFFC31CA19936B6A0066E95C /* 3.jpg in Resources */,
				BF317DFB1992119000E3240E /* Images.xcassets in Resources */,
			);
			runOnlyForDeploymentPostprocessing = 0;
		};
		BF317DFE1992119100E3240E /* Resources */ = {
			isa = PBXResourcesBuildPhase;
			buildActionMask = 2147483647;
			files = (
				BF317E0C1992119100E3240E /* InfoPlist.strings in Resources */,
			);
			runOnlyForDeploymentPostprocessing = 0;
		};
/* End PBXResourcesBuildPhase section */

/* Begin PBXSourcesBuildPhase section */
		BF317DE11992119000E3240E /* Sources */ = {
			isa = PBXSourcesBuildPhase;
			buildActionMask = 2147483647;
			files = (
				BF317E1A199211C300E3240E /* ViewController.m in Sources */,
				BF317DF91992119000E3240E /* AppDelegate.m in Sources */,
				BF317DF51992119000E3240E /* main.m in Sources */,
			);
			runOnlyForDeploymentPostprocessing = 0;
		};
		BF317DFC1992119100E3240E /* Sources */ = {
			isa = PBXSourcesBuildPhase;
			buildActionMask = 2147483647;
			files = (
				BF317E0E1992119100E3240E /* TableviewFlipTests.m in Sources */,
			);
			runOnlyForDeploymentPostprocessing = 0;
		};
/* End PBXSourcesBuildPhase section */

/* Begin PBXTargetDependency section */
		BF317E061992119100E3240E /* PBXTargetDependency */ = {
			isa = PBXTargetDependency;
			target = BF317DE41992119000E3240E /* TableviewFlip */;
			targetProxy = BF317E051992119100E3240E /* PBXContainerItemProxy */;
		};
/* End PBXTargetDependency section */

/* Begin PBXVariantGroup section */
		BF317DF11992119000E3240E /* InfoPlist.strings */ = {
			isa = PBXVariantGroup;
			children = (
				BF317DF21992119000E3240E /* en */,
			);
			name = InfoPlist.strings;
			sourceTree = "<group>";
		};
		BF317E0A1992119100E3240E /* InfoPlist.strings */ = {
			isa = PBXVariantGroup;
			children = (
				BF317E0B1992119100E3240E /* en */,
			);
			name = InfoPlist.strings;
			sourceTree = "<group>";
		};
/* End PBXVariantGroup section */

/* Begin XCBuildConfiguration section */
		BF317E0F1992119100E3240E /* Debug */ = {
			isa = XCBuildConfiguration;
			buildSettings = {
				ALWAYS_SEARCH_USER_PATHS = NO;
				CLANG_CXX_LANGUAGE_STANDARD = "gnu++0x";
				CLANG_CXX_LIBRARY = "libc++";
				CLANG_ENABLE_MODULES = YES;
				CLANG_ENABLE_OBJC_ARC = YES;
				CLANG_WARN_BOOL_CONVERSION = YES;
				CLANG_WARN_CONSTANT_CONVERSION = YES;
				CLANG_WARN_DIRECT_OBJC_ISA_USAGE = YES_ERROR;
				CLANG_WARN_EMPTY_BODY = YES;
				CLANG_WARN_ENUM_CONVERSION = YES;
				CLANG_WARN_INT_CONVERSION = YES;
				CLANG_WARN_OBJC_ROOT_CLASS = YES_ERROR;
				CLANG_WARN__DUPLICATE_METHOD_MATCH = YES;
				"CODE_SIGN_IDENTITY[sdk=iphoneos*]" = "iPhone Developer";
				COPY_PHASE_STRIP = NO;
				GCC_C_LANGUAGE_STANDARD = gnu99;
				GCC_DYNAMIC_NO_PIC = NO;
				GCC_OPTIMIZATION_LEVEL = 0;
				GCC_PREPROCESSOR_DEFINITIONS = (
					"DEBUG=1",
					"$(inherited)",
				);
				GCC_SYMBOLS_PRIVATE_EXTERN = NO;
				GCC_WARN_64_TO_32_BIT_CONVERSION = YES;
				GCC_WARN_ABOUT_RETURN_TYPE = YES_ERROR;
				GCC_WARN_UNDECLARED_SELECTOR = YES;
				GCC_WARN_UNINITIALIZED_AUTOS = YES_AGGRESSIVE;
				GCC_WARN_UNUSED_FUNCTION = YES;
				GCC_WARN_UNUSED_VARIABLE = YES;
				IPHONEOS_DEPLOYMENT_TARGET = 7.1;
				ONLY_ACTIVE_ARCH = YES;
				SDKROOT = iphoneos;
			};
			name = Debug;
		};
		BF317E101992119100E3240E /* Release */ = {
			isa = XCBuildConfiguration;
			buildSettings = {
				ALWAYS_SEARCH_USER_PATHS = NO;
				CLANG_CXX_LANGUAGE_STANDARD = "gnu++0x";
				CLANG_CXX_LIBRARY = "libc++";
				CLANG_ENABLE_MODULES = YES;
				CLANG_ENABLE_OBJC_ARC = YES;
				CLANG_WARN_BOOL_CONVERSION = YES;
				CLANG_WARN_CONSTANT_CONVERSION = YES;
				CLANG_WARN_DIRECT_OBJC_ISA_USAGE = YES_ERROR;
				CLANG_WARN_EMPTY_BODY = YES;
				CLANG_WARN_ENUM_CONVERSION = YES;
				CLANG_WARN_INT_CONVERSION = YES;
				CLANG_WARN_OBJC_ROOT_CLASS = YES_ERROR;
				CLANG_WARN__DUPLICATE_METHOD_MATCH = YES;
				"CODE_SIGN_IDENTITY[sdk=iphoneos*]" = "iPhone Developer";
				COPY_PHASE_STRIP = YES;
				ENABLE_NS_ASSERTIONS = NO;
				GCC_C_LANGUAGE_STANDARD = gnu99;
				GCC_WARN_64_TO_32_BIT_CONVERSION = YES;
				GCC_WARN_ABOUT_RETURN_TYPE = YES_ERROR;
				GCC_WARN_UNDECLARED_SELECTOR = YES;
				GCC_WARN_UNINITIALIZED_AUTOS = YES_AGGRESSIVE;
				GCC_WARN_UNUSED_FUNCTION = YES;
				GCC_WARN_UNUSED_VARIABLE = YES;
				IPHONEOS_DEPLOYMENT_TARGET = 7.1;
				SDKROOT = iphoneos;
				VALIDATE_PRODUCT = YES;
			};
			name = Release;
		};
		BF317E121992119100E3240E /* Debug */ = {
			isa = XCBuildConfiguration;
			buildSettings = {
				ASSETCATALOG_COMPILER_APPICON_NAME = AppIcon;
				ASSETCATALOG_COMPILER_LAUNCHIMAGE_NAME = LaunchImage;
				GCC_PRECOMPILE_PREFIX_HEADER = YES;
				GCC_PREFIX_HEADER = "TableviewFlip/TableviewFlip-Prefix.pch";
				INFOPLIST_FILE = "TableviewFlip/TableviewFlip-Info.plist";
				PRODUCT_NAME = "$(TARGET_NAME)";
				WRAPPER_EXTENSION = app;
			};
			name = Debug;
		};
		BF317E131992119100E3240E /* Release */ = {
			isa = XCBuildConfiguration;
			buildSettings = {
				ASSETCATALOG_COMPILER_APPICON_NAME = AppIcon;
				ASSETCATALOG_COMPILER_LAUNCHIMAGE_NAME = LaunchImage;
				GCC_PRECOMPILE_PREFIX_HEADER = YES;
				GCC_PREFIX_HEADER = "TableviewFlip/TableviewFlip-Prefix.pch";
				INFOPLIST_FILE = "TableviewFlip/TableviewFlip-Info.plist";
				PRODUCT_NAME = "$(TARGET_NAME)";
				WRAPPER_EXTENSION = app;
			};
			name = Release;
		};
		BF317E151992119100E3240E /* Debug */ = {
			isa = XCBuildConfiguration;
			buildSettings = {
				BUNDLE_LOADER = "$(BUILT_PRODUCTS_DIR)/TableviewFlip.app/TableviewFlip";
				FRAMEWORK_SEARCH_PATHS = (
					"$(SDKROOT)/Developer/Library/Frameworks",
					"$(inherited)",
					"$(DEVELOPER_FRAMEWORKS_DIR)",
				);
				GCC_PRECOMPILE_PREFIX_HEADER = YES;
				GCC_PREFIX_HEADER = "TableviewFlip/TableviewFlip-Prefix.pch";
				GCC_PREPROCESSOR_DEFINITIONS = (
					"DEBUG=1",
					"$(inherited)",
				);
				INFOPLIST_FILE = "TableviewFlipTests/TableviewFlipTests-Info.plist";
				PRODUCT_NAME = "$(TARGET_NAME)";
				TEST_HOST = "$(BUNDLE_LOADER)";
				WRAPPER_EXTENSION = xctest;
			};
			name = Debug;
		};
		BF317E161992119100E3240E /* Release */ = {
			isa = XCBuildConfiguration;
			buildSettings = {
				BUNDLE_LOADER = "$(BUILT_PRODUCTS_DIR)/TableviewFlip.app/TableviewFlip";
				FRAMEWORK_SEARCH_PATHS = (
					"$(SDKROOT)/Developer/Library/Frameworks",
					"$(inherited)",
					"$(DEVELOPER_FRAMEWORKS_DIR)",
				);
				GCC_PRECOMPILE_PREFIX_HEADER = YES;
				GCC_PREFIX_HEADER = "TableviewFlip/TableviewFlip-Prefix.pch";
				INFOPLIST_FILE = "TableviewFlipTests/TableviewFlipTests-Info.plist";
				PRODUCT_NAME = "$(TARGET_NAME)";
				TEST_HOST = "$(BUNDLE_LOADER)";
				WRAPPER_EXTENSION = xctest;
			};
			name = Release;
		};
/* End XCBuildConfiguration section */

/* Begin XCConfigurationList section */
		BF317DE01992119000E3240E /* Build configuration list for PBXProject "TableviewFlip" */ = {
			isa = XCConfigurationList;
			buildConfigurations = (
				BF317E0F1992119100E3240E /* Debug */,
				BF317E101992119100E3240E /* Release */,
			);
			defaultConfigurationIsVisible = 0;
			defaultConfigurationName = Release;
		};
		BF317E111992119100E3240E /* Build configuration list for PBXNativeTarget "TableviewFlip" */ = {
			isa = XCConfigurationList;
			buildConfigurations = (
				BF317E121992119100E3240E /* Debug */,
				BF317E131992119100E3240E /* Release */,
			);
			defaultConfigurationIsVisible = 0;
			defaultConfigurationName = Release;
		};
		BF317E141992119100E3240E /* Build configuration list for PBXNativeTarget "TableviewFlipTests" */ = {
			isa = XCConfigurationList;
			buildConfigurations = (
				BF317E151992119100E3240E /* Debug */,
				BF317E161992119100E3240E /* Release */,
			);
			defaultConfigurationIsVisible = 0;
			defaultConfigurationName = Release;
		};
/* End XCConfigurationList section */
	};
	rootObject = BF317DDD1992118F00E3240E /* Project object */;
}
